
Microsoft Visual Studio Solution File, Format Version 12.00
# Visual Studio Version 17
VisualStudioVersion = 17.0.31521.260
MinimumVisualStudioVersion = 10.0.40219.1
Project("{2150E333-8FDC-42A3-9474-1A3956D46DE8}") = "Catalog", "Catalog", "{FA9A6385-1EF1-426E-B38D-07F74ECCA32C}"
EndProject
Project("{9A19103F-16F7-4668-BE54-9A1E7A4F7556}") = "Catalog.API", "Services\Catalog\Catalog.API\Catalog.API.csproj", "{76D528EE-DBF7-414B-9389-652FED9E5115}"
EndProject
Project("{E53339B2-1760-4266-BCC7-CA923CBCF16C}") = "docker-compose", "docker-compose.dcproj", "{D35F5BF3-0649-49F2-80FD-F22B0AE7C4BE}"
EndProject
Global
	GlobalSection(SolutionConfigurationPlatforms) = preSolution
		Debug|Any CPU = Debug|Any CPU
		Release|Any CPU = Release|Any CPU
	EndGlobalSection
	GlobalSection(ProjectConfigurationPlatforms) = postSolution
		{76D528EE-DBF7-414B-9389-652FED9E5115}.Debug|Any CPU.ActiveCfg = Debug|Any CPU
		{76D528EE-DBF7-414B-9389-652FED9E5115}.Debug|Any CPU.Build.0 = Debug|Any CPU
		{76D528EE-DBF7-414B-9389-652FED9E5115}.Release|Any CPU.ActiveCfg = Release|Any CPU
		{76D528EE-DBF7-414B-9389-652FED9E5115}.Release|Any CPU.Build.0 = Release|Any CPU
		{D35F5BF3-0649-49F2-80FD-F22B0AE7C4BE}.Debug|Any CPU.ActiveCfg = Debug|Any CPU
		{D35F5BF3-0649-49F2-80FD-F22B0AE7C4BE}.Debug|Any CPU.Build.0 = Debug|Any CPU
		{D35F5BF3-0649-49F2-80FD-F22B0AE7C4BE}.Release|Any CPU.ActiveCfg = Release|Any CPU
		{D35F5BF3-0649-49F2-80FD-F22B0AE7C4BE}.Release|Any CPU.Build.0 = Release|Any CPU
	EndGlobalSection
	GlobalSection(SolutionProperties) = preSolution
		HideSolutionNode = FALSE
	EndGlobalSection
	GlobalSection(ExtensibilityGlobals) = postSolution
		SolutionGuid = {4B5BF274-6CEA-417A-972F-3305A1D54C77}
	EndGlobalSection
EndGlobal
